
Microsoft Visual Studio Solution File, Format Version 12.00
# Visual Studio 14
VisualStudioVersion = 14.0.25420.1
MinimumVisualStudioVersion = 10.0.40219.1
Project("{FAE04EC0-301F-11D3-BF4B-00C04F79EFBC}") = "RESData", "RESData\RESData.csproj", "{A3D16001-BAFA-4995-8985-63E8C59A3363}"
EndProject
Project("{FAE04EC0-301F-11D3-BF4B-00C04F79EFBC}") = "RESEntity", "RESEntity\RESEntity.csproj", "{FA76844D-66DD-45F0-9420-549653740886}"
EndProject
Project("{FAE04EC0-301F-11D3-BF4B-00C04F79EFBC}") = "RESInterface", "RESInterface\RESInterface.csproj", "{0E984DFE-37B3-4F48-BFF8-403580A85F15}"
EndProject
Project("{FAE04EC0-301F-11D3-BF4B-00C04F79EFBC}") = "RESRepository", "RESRepository\RESRepository.csproj", "{5B44B1C0-B7A5-4242-A322-D4CDE8DA2E33}"
EndProject
Project("{FAE04EC0-301F-11D3-BF4B-00C04F79EFBC}") = "RESApp", "RESApp\RESApp.csproj", "{C0A2BA04-F81A-4FD7-9D9E-6D6E5B4D9298}"
EndProject
Global
	GlobalSection(SolutionConfigurationPlatforms) = preSolution
		Debug|Any CPU = Debug|Any CPU
		Release|Any CPU = Release|Any CPU
	EndGlobalSection
	GlobalSection(ProjectConfigurationPlatforms) = postSolution
		{A3D16001-BAFA-4995-8985-63E8C59A3363}.Debug|Any CPU.ActiveCfg = Debug|Any CPU
		{A3D16001-BAFA-4995-8985-63E8C59A3363}.Debug|Any CPU.Build.0 = Debug|Any CPU
		{A3D16001-BAFA-4995-8985-63E8C59A3363}.Release|Any CPU.ActiveCfg = Release|Any CPU
		{A3D16001-BAFA-4995-8985-63E8C59A3363}.Release|Any CPU.Build.0 = Release|Any CPU
		{FA76844D-66DD-45F0-9420-549653740886}.Debug|Any CPU.ActiveCfg = Debug|Any CPU
		{FA76844D-66DD-45F0-9420-549653740886}.Debug|Any CPU.Build.0 = Debug|Any CPU
		{FA76844D-66DD-45F0-9420-549653740886}.Release|Any CPU.ActiveCfg = Release|Any CPU
		{FA76844D-66DD-45F0-9420-549653740886}.Release|Any CPU.Build.0 = Release|Any CPU
		{0E984DFE-37B3-4F48-BFF8-403580A85F15}.Debug|Any CPU.ActiveCfg = Debug|Any CPU
		{0E984DFE-37B3-4F48-BFF8-403580A85F15}.Debug|Any CPU.Build.0 = Debug|Any CPU
		{0E984DFE-37B3-4F48-BFF8-403580A85F15}.Release|Any CPU.ActiveCfg = Release|Any CPU
		{0E984DFE-37B3-4F48-BFF8-403580A85F15}.Release|Any CPU.Build.0 = Release|Any CPU
		{5B44B1C0-B7A5-4242-A322-D4CDE8DA2E33}.Debug|Any CPU.ActiveCfg = Debug|Any CPU
		{5B44B1C0-B7A5-4242-A322-D4CDE8DA2E33}.Debug|Any CPU.Build.0 = Debug|Any CPU
		{5B44B1C0-B7A5-4242-A322-D4CDE8DA2E33}.Release|Any CPU.ActiveCfg = Release|Any CPU
		{5B44B1C0-B7A5-4242-A322-D4CDE8DA2E33}.Release|Any CPU.Build.0 = Release|Any CPU
		{C0A2BA04-F81A-4FD7-9D9E-6D6E5B4D9298}.Debug|Any CPU.ActiveCfg = Debug|Any CPU
		{C0A2BA04-F81A-4FD7-9D9E-6D6E5B4D9298}.Debug|Any CPU.Build.0 = Debug|Any CPU
		{C0A2BA04-F81A-4FD7-9D9E-6D6E5B4D9298}.Release|Any CPU.ActiveCfg = Release|Any CPU
		{C0A2BA04-F81A-4FD7-9D9E-6D6E5B4D9298}.Release|Any CPU.Build.0 = Release|Any CPU
	EndGlobalSection
	GlobalSection(SolutionProperties) = preSolution
		HideSolutionNode = FALSE
	EndGlobalSection
EndGlobal
